
Microsoft Visual Studio Solution File, Format Version 12.00
# Visual Studio Version 16
VisualStudioVersion = 16.0.29503.13
MinimumVisualStudioVersion = 10.0.40219.1
Project("{FAE04EC0-301F-11D3-BF4B-00C04F79EFBC}") = "HMACTESTProject", "HMACTESTProject\HMACTESTProject.csproj", "{2D674C8E-3448-4998-9595-7226F226FF0E}"
EndProject
Global
	GlobalSection(SolutionConfigurationPlatforms) = preSolution
		Debug|Any CPU = Debug|Any CPU
		Release|Any CPU = Release|Any CPU
	EndGlobalSection
	GlobalSection(ProjectConfigurationPlatforms) = postSolution
		{2D674C8E-3448-4998-9595-7226F226FF0E}.Debug|Any CPU.ActiveCfg = Debug|Any CPU
		{2D674C8E-3448-4998-9595-7226F226FF0E}.Debug|Any CPU.Build.0 = Debug|Any CPU
		{2D674C8E-3448-4998-9595-7226F226FF0E}.Release|Any CPU.ActiveCfg = Release|Any CPU
		{2D674C8E-3448-4998-9595-7226F226FF0E}.Release|Any CPU.Build.0 = Release|Any CPU
	EndGlobalSection
	GlobalSection(SolutionProperties) = preSolution
		HideSolutionNode = FALSE
	EndGlobalSection
	GlobalSection(ExtensibilityGlobals) = postSolution
		SolutionGuid = {EF1B6A42-7693-4BA8-B2ED-B7B73801C741}
	EndGlobalSection
EndGlobal
